// !$*UTF8*$!
{
	archiveVersion = 1;
	classes = {
	};
	objectVersion = 46;
	objects = {

/* Begin PBXBuildFile section */
		84A5F95B1E4D9972002D7074 /* main.m in Sources */ = {isa = PBXBuildFile; fileRef = 84A5F95A1E4D9972002D7074 /* main.m */; };
		84A5F95E1E4D9972002D7074 /* AppDelegate.m in Sources */ = {isa = PBXBuildFile; fileRef = 84A5F95D1E4D9972002D7074 /* AppDelegate.m */; };
		84A5F9611E4D9972002D7074 /* ViewController.m in Sources */ = {isa = PBXBuildFile; fileRef = 84A5F9601E4D9972002D7074 /* ViewController.m */; };
		84A5F9641E4D9972002D7074 /* Main.storyboard in Resources */ = {isa = PBXBuildFile; fileRef = 84A5F9621E4D9972002D7074 /* Main.storyboard */; };
		84A5F9661E4D9972002D7074 /* Assets.xcassets in Resources */ = {isa = PBXBuildFile; fileRef = 84A5F9651E4D9972002D7074 /* Assets.xcassets */; };
		84A5F9691E4D9972002D7074 /* LaunchScreen.storyboard in Resources */ = {isa = PBXBuildFile; fileRef = 84A5F9671E4D9972002D7074 /* LaunchScreen.storyboard */; };
		84A5F9721E4D99C6002D7074 /* ButtonTableViewCell.m in Sources */ = {isa = PBXBuildFile; fileRef = 84A5F9711E4D99C6002D7074 /* ButtonTableViewCell.m */; };
		84A5F9751E4D9A3B002D7074 /* SecondViewController.m in Sources */ = {isa = PBXBuildFile; fileRef = 84A5F9741E4D9A3B002D7074 /* SecondViewController.m */; };
		84A717411EE649DC00480914 /* ThirdViewController.m in Sources */ = {isa = PBXBuildFile; fileRef = 84A717401EE649DC00480914 /* ThirdViewController.m */; };
/* End PBXBuildFile section */

/* Begin PBXFileReference section */
		84A5F9561E4D9972002D7074 /* Table.app */ = {isa = PBXFileReference; explicitFileType = wrapper.application; includeInIndex = 0; path = Table.app; sourceTree = BUILT_PRODUCTS_DIR; };
		84A5F95A1E4D9972002D7074 /* main.m */ = {isa = PBXFileReference; lastKnownFileType = sourcecode.c.objc; path = main.m; sourceTree = "<group>"; };
		84A5F95C1E4D9972002D7074 /* AppDelegate.h */ = {isa = PBXFileReference; lastKnownFileType = sourcecode.c.h; path = AppDelegate.h; sourceTree = "<group>"; };
		84A5F95D1E4D9972002D7074 /* AppDelegate.m */ = {isa = PBXFileReference; lastKnownFileType = sourcecode.c.objc; path = AppDelegate.m; sourceTree = "<group>"; };
		84A5F95F1E4D9972002D7074 /* ViewController.h */ = {isa = PBXFileReference; lastKnownFileType = sourcecode.c.h; path = ViewController.h; sourceTree = "<group>"; };
		84A5F9601E4D9972002D7074 /* ViewController.m */ = {isa = PBXFileReference; lastKnownFileType = sourcecode.c.objc; path = ViewController.m; sourceTree = "<group>"; };
		84A5F9631E4D9972002D7074 /* Base */ = {isa = PBXFileReference; lastKnownFileType = file.storyboard; name = Base; path = Base.lproj/Main.storyboard; sourceTree = "<group>"; };
		84A5F9651E4D9972002D7074 /* Assets.xcassets */ = {isa = PBXFileReference; lastKnownFileType = folder.assetcatalog; path = Assets.xcassets; sourceTree = "<group>"; };
		84A5F9681E4D9972002D7074 /* Base */ = {isa = PBXFileReference; lastKnownFileType = file.storyboard; name = Base; path = Base.lproj/LaunchScreen.storyboard; sourceTree = "<group>"; };
		84A5F96A1E4D9972002D7074 /* Info.plist */ = {isa = PBXFileReference; lastKnownFileType = text.plist.xml; path = Info.plist; sourceTree = "<group>"; };
		84A5F9701E4D99C6002D7074 /* ButtonTableViewCell.h */ = {isa = PBXFileReference; fileEncoding = 4; lastKnownFileType = sourcecode.c.h; path = ButtonTableViewCell.h; sourceTree = "<group>"; };
		84A5F9711E4D99C6002D7074 /* ButtonTableViewCell.m */ = {isa = PBXFileReference; fileEncoding = 4; lastKnownFileType = sourcecode.c.objc; path = ButtonTableViewCell.m; sourceTree = "<group>"; };
		84A5F9731E4D9A3B002D7074 /* SecondViewController.h */ = {isa = PBXFileReference; fileEncoding = 4; lastKnownFileType = sourcecode.c.h; path = SecondViewController.h; sourceTree = "<group>"; };
		84A5F9741E4D9A3B002D7074 /* SecondViewController.m */ = {isa = PBXFileReference; fileEncoding = 4; lastKnownFileType = sourcecode.c.objc; path = SecondViewController.m; sourceTree = "<group>"; };
		84A7173F1EE649DC00480914 /* ThirdViewController.h */ = {isa = PBXFileReference; fileEncoding = 4; lastKnownFileType = sourcecode.c.h; path = ThirdViewController.h; sourceTree = "<group>"; };
		84A717401EE649DC00480914 /* ThirdViewController.m */ = {isa = PBXFileReference; fileEncoding = 4; lastKnownFileType = sourcecode.c.objc; path = ThirdViewController.m; sourceTree = "<group>"; };
/* End PBXFileReference section */

/* Begin PBXFrameworksBuildPhase section */
		84A5F9531E4D9972002D7074 /* Frameworks */ = {
			isa = PBXFrameworksBuildPhase;
			buildActionMask = 2147483647;
			files = (
			);
			runOnlyForDeploymentPostprocessing = 0;
		};
/* End PBXFrameworksBuildPhase section */

/* Begin PBXGroup section */
		84A5F94D1E4D9972002D7074 = {
			isa = PBXGroup;
			children = (
				84A5F9581E4D9972002D7074 /* Table */,
				84A5F9571E4D9972002D7074 /* Products */,
			);
			sourceTree = "<group>";
		};
		84A5F9571E4D9972002D7074 /* Products */ = {
			isa = PBXGroup;
			children = (
				84A5F9561E4D9972002D7074 /* Table.app */,
			);
			name = Products;
			sourceTree = "<group>";
		};
		84A5F9581E4D9972002D7074 /* Table */ = {
			isa = PBXGroup;
			children = (
				84A5F95C1E4D9972002D7074 /* AppDelegate.h */,
				84A5F95D1E4D9972002D7074 /* AppDelegate.m */,
				84A5F95F1E4D9972002D7074 /* ViewController.h */,
				84A5F9601E4D9972002D7074 /* ViewController.m */,
				84A7173F1EE649DC00480914 /* ThirdViewController.h */,
				84A717401EE649DC00480914 /* ThirdViewController.m */,
				84A5F9621E4D9972002D7074 /* Main.storyboard */,
				84A5F9651E4D9972002D7074 /* Assets.xcassets */,
				84A5F9671E4D9972002D7074 /* LaunchScreen.storyboard */,
				84A5F96A1E4D9972002D7074 /* Info.plist */,
				84A5F9591E4D9972002D7074 /* Supporting Files */,
				84A5F9701E4D99C6002D7074 /* ButtonTableViewCell.h */,
				84A5F9711E4D99C6002D7074 /* ButtonTableViewCell.m */,
				84A5F9731E4D9A3B002D7074 /* SecondViewController.h */,
				84A5F9741E4D9A3B002D7074 /* SecondViewController.m */,
			);
			path = Table;
			sourceTree = "<group>";
		};
		84A5F9591E4D9972002D7074 /* Supporting Files */ = {
			isa = PBXGroup;
			children = (
				84A5F95A1E4D9972002D7074 /* main.m */,
			);
			name = "Supporting Files";
			sourceTree = "<group>";
		};
/* End PBXGroup section */

/* Begin PBXNativeTarget section */
		84A5F9551E4D9972002D7074 /* Table */ = {
			isa = PBXNativeTarget;
			buildConfigurationList = 84A5F96D1E4D9972002D7074 /* Build configuration list for PBXNativeTarget "Table" */;
			buildPhases = (
				84A5F9521E4D9972002D7074 /* Sources */,
				84A5F9531E4D9972002D7074 /* Frameworks */,
				84A5F9541E4D9972002D7074 /* Resources */,
			);
			buildRules = (
			);
			dependencies = (
			);
			name = Table;
			productName = Table;
			productReference = 84A5F9561E4D9972002D7074 /* Table.app */;
			productType = "com.apple.product-type.application";
		};
/* End PBXNativeTarget section */

/* Begin PBXProject section */
		84A5F94E1E4D9972002D7074 /* Project object */ = {
			isa = PBXProject;
			attributes = {
				LastUpgradeCheck = 0800;
				ORGANIZATIONNAME = fis;
				TargetAttributes = {
					84A5F9551E4D9972002D7074 = {
						CreatedOnToolsVersion = 8.0;
						ProvisioningStyle = Automatic;
					};
				};
			};
			buildConfigurationList = 84A5F9511E4D9972002D7074 /* Build configuration list for PBXProject "Table" */;
			compatibilityVersion = "Xcode 3.2";
			developmentRegion = English;
			hasScannedForEncodings = 0;
			knownRegions = (
				en,
				Base,
			);
			mainGroup = 84A5F94D1E4D9972002D7074;
			productRefGroup = 84A5F9571E4D9972002D7074 /* Products */;
			projectDirPath = "";
			projectRoot = "";
			targets = (
				84A5F9551E4D9972002D7074 /* Table */,
			);
		};
/* End PBXProject section */

/* Begin PBXResourcesBuildPhase section */
		84A5F9541E4D9972002D7074 /* Resources */ = {
			isa = PBXResourcesBuildPhase;
			buildActionMask = 2147483647;
			files = (
				84A5F9691E4D9972002D7074 /* LaunchScreen.storyboard in Resources */,
				84A5F9661E4D9972002D7074 /* Assets.xcassets in Resources */,
				84A5F9641E4D9972002D7074 /* Main.storyboard in Resources */,
			);
			runOnlyForDeploymentPostprocessing = 0;
		};
/* End PBXResourcesBuildPhase section */

/* Begin PBXSourcesBuildPhase section */
		84A5F9521E4D9972002D7074 /* Sources */ = {
			isa = PBXSourcesBuildPhase;
			buildActionMask = 2147483647;
			files = (
				84A5F9751E4D9A3B002D7074 /* SecondViewController.m in Sources */,
				84A5F9611E4D9972002D7074 /* ViewController.m in Sources */,
				84A717411EE649DC00480914 /* ThirdViewController.m in Sources */,
				84A5F95E1E4D9972002D7074 /* AppDelegate.m in Sources */,
				84A5F95B1E4D9972002D7074 /* main.m in Sources */,
				84A5F9721E4D99C6002D7074 /* ButtonTableViewCell.m in Sources */,
			);
			runOnlyForDeploymentPostprocessing = 0;
		};
/* End PBXSourcesBuildPhase section */

/* Begin PBXVariantGroup section */
		84A5F9621E4D9972002D7074 /* Main.storyboard */ = {
			isa = PBXVariantGroup;
			children = (
				84A5F9631E4D9972002D7074 /* Base */,
			);
			name = Main.storyboard;
			sourceTree = "<group>";
		};
		84A5F9671E4D9972002D7074 /* LaunchScreen.storyboard */ = {
			isa = PBXVariantGroup;
			children = (
				84A5F9681E4D9972002D7074 /* Base */,
			);
			name = LaunchScreen.storyboard;
			sourceTree = "<group>";
		};
/* End PBXVariantGroup section */

/* Begin XCBuildConfiguration section */
		84A5F96B1E4D9972002D7074 /* Debug */ = {
			isa = XCBuildConfiguration;
			buildSettings = {
				ALWAYS_SEARCH_USER_PATHS = NO;
				CLANG_ANALYZER_NONNULL = YES;
				CLANG_CXX_LANGUAGE_STANDARD = "gnu++0x";
				CLANG_CXX_LIBRARY = "libc++";
				CLANG_ENABLE_MODULES = YES;
				CLANG_ENABLE_OBJC_ARC = YES;
				CLANG_WARN_BOOL_CONVERSION = YES;
				CLANG_WARN_CONSTANT_CONVERSION = YES;
				CLANG_WARN_DIRECT_OBJC_ISA_USAGE = YES_ERROR;
				CLANG_WARN_DOCUMENTATION_COMMENTS = YES;
				CLANG_WARN_EMPTY_BODY = YES;
				CLANG_WARN_ENUM_CONVERSION = YES;
				CLANG_WARN_INFINITE_RECURSION = YES;
				CLANG_WARN_INT_CONVERSION = YES;
				CLANG_WARN_OBJC_ROOT_CLASS = YES_ERROR;
				CLANG_WARN_SUSPICIOUS_MOVES = YES;
				CLANG_WARN_UNREACHABLE_CODE = YES;
				CLANG_WARN__DUPLICATE_METHOD_MATCH = YES;
				"CODE_SIGN_IDENTITY[sdk=iphoneos*]" = "iPhone Developer";
				COPY_PHASE_STRIP = NO;
				DEBUG_INFORMATION_FORMAT = dwarf;
				ENABLE_STRICT_OBJC_MSGSEND = YES;
				ENABLE_TESTABILITY = YES;
				GCC_C_LANGUAGE_STANDARD = gnu99;
				GCC_DYNAMIC_NO_PIC = NO;
				GCC_NO_COMMON_BLOCKS = YES;
				GCC_OPTIMIZATION_LEVEL = 0;
				GCC_PREPROCESSOR_DEFINITIONS = (
					"DEBUG=1",
					"$(inherited)",
				);
				GCC_WARN_64_TO_32_BIT_CONVERSION = YES;
				GCC_WARN_ABOUT_RETURN_TYPE = YES_ERROR;
				GCC_WARN_UNDECLARED_SELECTOR = YES;
				GCC_WARN_UNINITIALIZED_AUTOS = YES_AGGRESSIVE;
				GCC_WARN_UNUSED_FUNCTION = YES;
				GCC_WARN_UNUSED_VARIABLE = YES;
				IPHONEOS_DEPLOYMENT_TARGET = 10.0;
				MTL_ENABLE_DEBUG_INFO = YES;
				ONLY_ACTIVE_ARCH = YES;
				SDKROOT = iphoneos;
				TARGETED_DEVICE_FAMILY = "1,2";
			};
			name = Debug;
		};
		84A5F96C1E4D9972002D7074 /* Release */ = {
			isa = XCBuildConfiguration;
			buildSettings = {
				ALWAYS_SEARCH_USER_PATHS = NO;
				CLANG_ANALYZER_NONNULL = YES;
				CLANG_CXX_LANGUAGE_STANDARD = "gnu++0x";
				CLANG_CXX_LIBRARY = "libc++";
				CLANG_ENABLE_MODULES = YES;
				CLANG_ENABLE_OBJC_ARC = YES;
				CLANG_WARN_BOOL_CONVERSION = YES;
				CLANG_WARN_CONSTANT_CONVERSION = YES;
				CLANG_WARN_DIRECT_OBJC_ISA_USAGE = YES_ERROR;
				CLANG_WARN_DOCUMENTATION_COMMENTS = YES;
				CLANG_WARN_EMPTY_BODY = YES;
				CLANG_WARN_ENUM_CONVERSION = YES;
				CLANG_WARN_INFINITE_RECURSION = YES;
				CLANG_WARN_INT_CONVERSION = YES;
				CLANG_WARN_OBJC_ROOT_CLASS = YES_ERROR;
				CLANG_WARN_SUSPICIOUS_MOVES = YES;
				CLANG_WARN_UNREACHABLE_CODE = YES;
				CLANG_WARN__DUPLICATE_METHOD_MATCH = YES;
				"CODE_SIGN_IDENTITY[sdk=iphoneos*]" = "iPhone Developer";
				COPY_PHASE_STRIP = NO;
				DEBUG_INFORMATION_FORMAT = "dwarf-with-dsym";
				ENABLE_NS_ASSERTIONS = NO;
				ENABLE_STRICT_OBJC_MSGSEND = YES;
				GCC_C_LANGUAGE_STANDARD = gnu99;
				GCC_NO_COMMON_BLOCKS = YES;
				GCC_WARN_64_TO_32_BIT_CONVERSION = YES;
				GCC_WARN_ABOUT_RETURN_TYPE = YES_ERROR;
				GCC_WARN_UNDECLARED_SELECTOR = YES;
				GCC_WARN_UNINITIALIZED_AUTOS = YES_AGGRESSIVE;
				GCC_WARN_UNUSED_FUNCTION = YES;
				GCC_WARN_UNUSED_VARIABLE = YES;
				IPHONEOS_DEPLOYMENT_TARGET = 10.0;
				MTL_ENABLE_DEBUG_INFO = NO;
				SDKROOT = iphoneos;
				TARGETED_DEVICE_FAMILY = "1,2";
				VALIDATE_PRODUCT = YES;
			};
			name = Release;
		};
		84A5F96E1E4D9972002D7074 /* Debug */ = {
			isa = XCBuildConfiguration;
			buildSettings = {
				ASSETCATALOG_COMPILER_APPICON_NAME = AppIcon;
				INFOPLIST_FILE = Table/Info.plist;
				LD_RUNPATH_SEARCH_PATHS = "$(inherited) @executable_path/Frameworks";
				PRODUCT_BUNDLE_IDENTIFIER = com.fis.Table;
				PRODUCT_NAME = "$(TARGET_NAME)";
			};
			name = Debug;
		};
		84A5F96F1E4D9972002D7074 /* Release */ = {
			isa = XCBuildConfiguration;
			buildSettings = {
				ASSETCATALOG_COMPILER_APPICON_NAME = AppIcon;
				INFOPLIST_FILE = Table/Info.plist;
				LD_RUNPATH_SEARCH_PATHS = "$(inherited) @executable_path/Frameworks";
				PRODUCT_BUNDLE_IDENTIFIER = com.fis.Table;
				PRODUCT_NAME = "$(TARGET_NAME)";
			};
			name = Release;
		};
/* End XCBuildConfiguration section */

/* Begin XCConfigurationList section */
		84A5F9511E4D9972002D7074 /* Build configuration list for PBXProject "Table" */ = {
			isa = XCConfigurationList;
			buildConfigurations = (
				84A5F96B1E4D9972002D7074 /* Debug */,
				84A5F96C1E4D9972002D7074 /* Release */,
			);
			defaultConfigurationIsVisible = 0;
			defaultConfigurationName = Release;
		};
		84A5F96D1E4D9972002D7074 /* Build configuration list for PBXNativeTarget "Table" */ = {
			isa = XCConfigurationList;
			buildConfigurations = (
				84A5F96E1E4D9972002D7074 /* Debug */,
				84A5F96F1E4D9972002D7074 /* Release */,
			);
			defaultConfigurationIsVisible = 0;
			defaultConfigurationName = Release;
		};
/* End XCConfigurationList section */
	};
	rootObject = 84A5F94E1E4D9972002D7074 /* Project object */;
}
